// !$*UTF8*$!
{
	archiveVersion = 1;
	classes = {
	};
	objectVersion = 55;
	objects = {

/* Begin PBXBuildFile section */
		019E212F2890535D00DC5C75 /* AppDelegate.swift in Sources */ = {isa = PBXBuildFile; fileRef = 019E212E2890535D00DC5C75 /* AppDelegate.swift */; };
		019E21312890535D00DC5C75 /* SceneDelegate.swift in Sources */ = {isa = PBXBuildFile; fileRef = 019E21302890535D00DC5C75 /* SceneDelegate.swift */; };
		019E21332890535D00DC5C75 /* ViewController.swift in Sources */ = {isa = PBXBuildFile; fileRef = 019E21322890535D00DC5C75 /* ViewController.swift */; };
		019E21362890535D00DC5C75 /* Main.storyboard in Resources */ = {isa = PBXBuildFile; fileRef = 019E21342890535D00DC5C75 /* Main.storyboard */; };
		019E21382890535E00DC5C75 /* Assets.xcassets in Resources */ = {isa = PBXBuildFile; fileRef = 019E21372890535E00DC5C75 /* Assets.xcassets */; };
		019E213B2890535E00DC5C75 /* LaunchScreen.storyboard in Resources */ = {isa = PBXBuildFile; fileRef = 019E21392890535E00DC5C75 /* LaunchScreen.storyboard */; };
		019E21452890552D00DC5C75 /* CalculateWrapper.m in Sources */ = {isa = PBXBuildFile; fileRef = 019E21442890552D00DC5C75 /* CalculateWrapper.m */; };
		019E2149289059CF00DC5C75 /* DisplayBridge.swift in Sources */ = {isa = PBXBuildFile; fileRef = 019E2148289059CF00DC5C75 /* DisplayBridge.swift */; };
		019E214D2891D3F400DC5C75 /* PersonWrapper.mm in Sources */ = {isa = PBXBuildFile; fileRef = 019E214C2891D3F400DC5C75 /* PersonWrapper.mm */; settings = {COMPILER_FLAGS = "-fcxx-modules"; }; };
/* End PBXBuildFile section */

/* Begin PBXFileReference section */
		019E212B2890535D00DC5C75 /* AmongProgLang.app */ = {isa = PBXFileReference; explicitFileType = wrapper.application; includeInIndex = 0; path = AmongProgLang.app; sourceTree = BUILT_PRODUCTS_DIR; };
		019E212E2890535D00DC5C75 /* AppDelegate.swift */ = {isa = PBXFileReference; lastKnownFileType = sourcecode.swift; path = AppDelegate.swift; sourceTree = "<group>"; };
		019E21302890535D00DC5C75 /* SceneDelegate.swift */ = {isa = PBXFileReference; lastKnownFileType = sourcecode.swift; path = SceneDelegate.swift; sourceTree = "<group>"; };
		019E21322890535D00DC5C75 /* ViewController.swift */ = {isa = PBXFileReference; lastKnownFileType = sourcecode.swift; path = ViewController.swift; sourceTree = "<group>"; };
		019E21352890535D00DC5C75 /* Base */ = {isa = PBXFileReference; lastKnownFileType = file.storyboard; name = Base; path = Base.lproj/Main.storyboard; sourceTree = "<group>"; };
		019E21372890535E00DC5C75 /* Assets.xcassets */ = {isa = PBXFileReference; lastKnownFileType = folder.assetcatalog; path = Assets.xcassets; sourceTree = "<group>"; };
		019E213A2890535E00DC5C75 /* Base */ = {isa = PBXFileReference; lastKnownFileType = file.storyboard; name = Base; path = Base.lproj/LaunchScreen.storyboard; sourceTree = "<group>"; };
		019E213C2890535E00DC5C75 /* Info.plist */ = {isa = PBXFileReference; lastKnownFileType = text.plist.xml; path = Info.plist; sourceTree = "<group>"; };
		019E21432890552D00DC5C75 /* AmongProgLang-Bridging-Header.h */ = {isa = PBXFileReference; lastKnownFileType = sourcecode.c.h; path = "AmongProgLang-Bridging-Header.h"; sourceTree = "<group>"; };
		019E21442890552D00DC5C75 /* CalculateWrapper.m */ = {isa = PBXFileReference; lastKnownFileType = sourcecode.c.objc; path = CalculateWrapper.m; sourceTree = "<group>"; };
		019E21462890554000DC5C75 /* CalculateWrapper.h */ = {isa = PBXFileReference; lastKnownFileType = sourcecode.c.h; path = CalculateWrapper.h; sourceTree = "<group>"; };
		019E2148289059CF00DC5C75 /* DisplayBridge.swift */ = {isa = PBXFileReference; lastKnownFileType = sourcecode.swift; path = DisplayBridge.swift; sourceTree = "<group>"; };
		019E214C2891D3F400DC5C75 /* PersonWrapper.mm */ = {isa = PBXFileReference; lastKnownFileType = sourcecode.cpp.objcpp; path = PersonWrapper.mm; sourceTree = "<group>"; };
		019E214E2891D40B00DC5C75 /* PersonWrapper.h */ = {isa = PBXFileReference; lastKnownFileType = sourcecode.c.h; path = PersonWrapper.h; sourceTree = "<group>"; };
/* End PBXFileReference section */

/* Begin PBXFrameworksBuildPhase section */
		019E21282890535D00DC5C75 /* Frameworks */ = {
			isa = PBXFrameworksBuildPhase;
			buildActionMask = 2147483647;
			files = (
			);
			runOnlyForDeploymentPostprocessing = 0;
		};
/* End PBXFrameworksBuildPhase section */

/* Begin PBXGroup section */
		019E21222890535D00DC5C75 = {
			isa = PBXGroup;
			children = (
				019E212D2890535D00DC5C75 /* AmongProgLang */,
				019E212C2890535D00DC5C75 /* Products */,
			);
			sourceTree = "<group>";
		};
		019E212C2890535D00DC5C75 /* Products */ = {
			isa = PBXGroup;
			children = (
				019E212B2890535D00DC5C75 /* AmongProgLang.app */,
			);
			name = Products;
			sourceTree = "<group>";
		};
		019E212D2890535D00DC5C75 /* AmongProgLang */ = {
			isa = PBXGroup;
			children = (
				019E21472890598D00DC5C75 /* Bridges */,
				019E2142289054D400DC5C75 /* ObjCWrappers */,
				019E212E2890535D00DC5C75 /* AppDelegate.swift */,
				019E21302890535D00DC5C75 /* SceneDelegate.swift */,
				019E21322890535D00DC5C75 /* ViewController.swift */,
				019E21342890535D00DC5C75 /* Main.storyboard */,
				019E21372890535E00DC5C75 /* Assets.xcassets */,
				019E21392890535E00DC5C75 /* LaunchScreen.storyboard */,
				019E213C2890535E00DC5C75 /* Info.plist */,
			);
			path = AmongProgLang;
			sourceTree = "<group>";
		};
		019E2142289054D400DC5C75 /* ObjCWrappers */ = {
			isa = PBXGroup;
			children = (
				019E214B2891D38900DC5C75 /* ObjCpp */,
				019E214A2891D36D00DC5C75 /* ObjC */,
				019E21432890552D00DC5C75 /* AmongProgLang-Bridging-Header.h */,
			);
			path = ObjCWrappers;
			sourceTree = "<group>";
		};
		019E21472890598D00DC5C75 /* Bridges */ = {
			isa = PBXGroup;
			children = (
				019E2148289059CF00DC5C75 /* DisplayBridge.swift */,
			);
			path = Bridges;
			sourceTree = "<group>";
		};
		019E214A2891D36D00DC5C75 /* ObjC */ = {
			isa = PBXGroup;
			children = (
				019E21462890554000DC5C75 /* CalculateWrapper.h */,
				019E21442890552D00DC5C75 /* CalculateWrapper.m */,
			);
			path = ObjC;
			sourceTree = "<group>";
		};
		019E214B2891D38900DC5C75 /* ObjCpp */ = {
			isa = PBXGroup;
			children = (
				019E214E2891D40B00DC5C75 /* PersonWrapper.h */,
				019E214C2891D3F400DC5C75 /* PersonWrapper.mm */,
			);
			path = ObjCpp;
			sourceTree = "<group>";
		};
/* End PBXGroup section */

/* Begin PBXNativeTarget section */
		019E212A2890535D00DC5C75 /* AmongProgLang */ = {
			isa = PBXNativeTarget;
			buildConfigurationList = 019E213F2890535E00DC5C75 /* Build configuration list for PBXNativeTarget "AmongProgLang" */;
			buildPhases = (
				019E21272890535D00DC5C75 /* Sources */,
				019E21282890535D00DC5C75 /* Frameworks */,
				019E21292890535D00DC5C75 /* Resources */,
			);
			buildRules = (
			);
			dependencies = (
			);
			name = AmongProgLang;
			productName = "Swift-ObjC-Cpp-ObjC-Swift";
			productReference = 019E212B2890535D00DC5C75 /* AmongProgLang.app */;
			productType = "com.apple.product-type.application";
		};
/* End PBXNativeTarget section */

/* Begin PBXProject section */
		019E21232890535D00DC5C75 /* Project object */ = {
			isa = PBXProject;
			attributes = {
				BuildIndependentTargetsInParallel = 1;
				LastSwiftUpdateCheck = 1330;
				LastUpgradeCheck = 1330;
				TargetAttributes = {
					019E212A2890535D00DC5C75 = {
						CreatedOnToolsVersion = 13.3.1;
						LastSwiftMigration = 1330;
					};
				};
			};
			buildConfigurationList = 019E21262890535D00DC5C75 /* Build configuration list for PBXProject "AmongProgLang" */;
			compatibilityVersion = "Xcode 13.0";
			developmentRegion = en;
			hasScannedForEncodings = 0;
			knownRegions = (
				en,
				Base,
			);
			mainGroup = 019E21222890535D00DC5C75;
			productRefGroup = 019E212C2890535D00DC5C75 /* Products */;
			projectDirPath = "";
			projectRoot = "";
			targets = (
				019E212A2890535D00DC5C75 /* AmongProgLang */,
			);
		};
/* End PBXProject section */

/* Begin PBXResourcesBuildPhase section */
		019E21292890535D00DC5C75 /* Resources */ = {
			isa = PBXResourcesBuildPhase;
			buildActionMask = 2147483647;
			files = (
				019E213B2890535E00DC5C75 /* LaunchScreen.storyboard in Resources */,
				019E21382890535E00DC5C75 /* Assets.xcassets in Resources */,
				019E21362890535D00DC5C75 /* Main.storyboard in Resources */,
			);
			runOnlyForDeploymentPostprocessing = 0;
		};
/* End PBXResourcesBuildPhase section */

/* Begin PBXSourcesBuildPhase section */
		019E21272890535D00DC5C75 /* Sources */ = {
			isa = PBXSourcesBuildPhase;
			buildActionMask = 2147483647;
			files = (
				019E214D2891D3F400DC5C75 /* PersonWrapper.mm in Sources */,
				019E2149289059CF00DC5C75 /* DisplayBridge.swift in Sources */,
				019E21452890552D00DC5C75 /* CalculateWrapper.m in Sources */,
				019E21332890535D00DC5C75 /* ViewController.swift in Sources */,
				019E212F2890535D00DC5C75 /* AppDelegate.swift in Sources */,
				019E21312890535D00DC5C75 /* SceneDelegate.swift in Sources */,
			);
			runOnlyForDeploymentPostprocessing = 0;
		};
/* End PBXSourcesBuildPhase section */

/* Begin PBXVariantGroup section */
		019E21342890535D00DC5C75 /* Main.storyboard */ = {
			isa = PBXVariantGroup;
			children = (
				019E21352890535D00DC5C75 /* Base */,
			);
			name = Main.storyboard;
			sourceTree = "<group>";
		};
		019E21392890535E00DC5C75 /* LaunchScreen.storyboard */ = {
			isa = PBXVariantGroup;
			children = (
				019E213A2890535E00DC5C75 /* Base */,
			);
			name = LaunchScreen.storyboard;
			sourceTree = "<group>";
		};
/* End PBXVariantGroup section */

/* Begin XCBuildConfiguration section */
		019E213D2890535E00DC5C75 /* Debug */ = {
			isa = XCBuildConfiguration;
			buildSettings = {
				ALWAYS_SEARCH_USER_PATHS = NO;
				CLANG_ANALYZER_NONNULL = YES;
				CLANG_ANALYZER_NUMBER_OBJECT_CONVERSION = YES_AGGRESSIVE;
				CLANG_CXX_LANGUAGE_STANDARD = "gnu++17";
				CLANG_ENABLE_MODULES = YES;
				CLANG_ENABLE_OBJC_ARC = YES;
				CLANG_ENABLE_OBJC_WEAK = YES;
				CLANG_WARN_BLOCK_CAPTURE_AUTORELEASING = YES;
				CLANG_WARN_BOOL_CONVERSION = YES;
				CLANG_WARN_COMMA = YES;
				CLANG_WARN_CONSTANT_CONVERSION = YES;
				CLANG_WARN_DEPRECATED_OBJC_IMPLEMENTATIONS = YES;
				CLANG_WARN_DIRECT_OBJC_ISA_USAGE = YES_ERROR;
				CLANG_WARN_DOCUMENTATION_COMMENTS = YES;
				CLANG_WARN_EMPTY_BODY = YES;
				CLANG_WARN_ENUM_CONVERSION = YES;
				CLANG_WARN_INFINITE_RECURSION = YES;
				CLANG_WARN_INT_CONVERSION = YES;
				CLANG_WARN_NON_LITERAL_NULL_CONVERSION = YES;
				CLANG_WARN_OBJC_IMPLICIT_RETAIN_SELF = YES;
				CLANG_WARN_OBJC_LITERAL_CONVERSION = YES;
				CLANG_WARN_OBJC_ROOT_CLASS = YES_ERROR;
				CLANG_WARN_QUOTED_INCLUDE_IN_FRAMEWORK_HEADER = YES;
				CLANG_WARN_RANGE_LOOP_ANALYSIS = YES;
				CLANG_WARN_STRICT_PROTOTYPES = YES;
				CLANG_WARN_SUSPICIOUS_MOVE = YES;
				CLANG_WARN_UNGUARDED_AVAILABILITY = YES_AGGRESSIVE;
				CLANG_WARN_UNREACHABLE_CODE = YES;
				CLANG_WARN__DUPLICATE_METHOD_MATCH = YES;
				COPY_PHASE_STRIP = NO;
				DEBUG_INFORMATION_FORMAT = dwarf;
				ENABLE_STRICT_OBJC_MSGSEND = YES;
				ENABLE_TESTABILITY = YES;
				GCC_C_LANGUAGE_STANDARD = gnu11;
				GCC_DYNAMIC_NO_PIC = NO;
				GCC_NO_COMMON_BLOCKS = YES;
				GCC_OPTIMIZATION_LEVEL = 0;
				GCC_PREPROCESSOR_DEFINITIONS = (
					"DEBUG=1",
					"$(inherited)",
				);
				GCC_WARN_64_TO_32_BIT_CONVERSION = YES;
				GCC_WARN_ABOUT_RETURN_TYPE = YES_ERROR;
				GCC_WARN_UNDECLARED_SELECTOR = YES;
				GCC_WARN_UNINITIALIZED_AUTOS = YES_AGGRESSIVE;
				GCC_WARN_UNUSED_FUNCTION = YES;
				GCC_WARN_UNUSED_VARIABLE = YES;
				IPHONEOS_DEPLOYMENT_TARGET = 15.4;
				MTL_ENABLE_DEBUG_INFO = INCLUDE_SOURCE;
				MTL_FAST_MATH = YES;
				ONLY_ACTIVE_ARCH = YES;
				SDKROOT = iphoneos;
				SWIFT_ACTIVE_COMPILATION_CONDITIONS = DEBUG;
				SWIFT_OPTIMIZATION_LEVEL = "-Onone";
			};
			name = Debug;
		};
		019E213E2890535E00DC5C75 /* Release */ = {
			isa = XCBuildConfiguration;
			buildSettings = {
				ALWAYS_SEARCH_USER_PATHS = NO;
				CLANG_ANALYZER_NONNULL = YES;
				CLANG_ANALYZER_NUMBER_OBJECT_CONVERSION = YES_AGGRESSIVE;
				CLANG_CXX_LANGUAGE_STANDARD = "gnu++17";
				CLANG_ENABLE_MODULES = YES;
				CLANG_ENABLE_OBJC_ARC = YES;
				CLANG_ENABLE_OBJC_WEAK = YES;
				CLANG_WARN_BLOCK_CAPTURE_AUTORELEASING = YES;
				CLANG_WARN_BOOL_CONVERSION = YES;
				CLANG_WARN_COMMA = YES;
				CLANG_WARN_CONSTANT_CONVERSION = YES;
				CLANG_WARN_DEPRECATED_OBJC_IMPLEMENTATIONS = YES;
				CLANG_WARN_DIRECT_OBJC_ISA_USAGE = YES_ERROR;
				CLANG_WARN_DOCUMENTATION_COMMENTS = YES;
				CLANG_WARN_EMPTY_BODY = YES;
				CLANG_WARN_ENUM_CONVERSION = YES;
				CLANG_WARN_INFINITE_RECURSION = YES;
				CLANG_WARN_INT_CONVERSION = YES;
				CLANG_WARN_NON_LITERAL_NULL_CONVERSION = YES;
				CLANG_WARN_OBJC_IMPLICIT_RETAIN_SELF = YES;
				CLANG_WARN_OBJC_LITERAL_CONVERSION = YES;
				CLANG_WARN_OBJC_ROOT_CLASS = YES_ERROR;
				CLANG_WARN_QUOTED_INCLUDE_IN_FRAMEWORK_HEADER = YES;
				CLANG_WARN_RANGE_LOOP_ANALYSIS = YES;
				CLANG_WARN_STRICT_PROTOTYPES = YES;
				CLANG_WARN_SUSPICIOUS_MOVE = YES;
				CLANG_WARN_UNGUARDED_AVAILABILITY = YES_AGGRESSIVE;
				CLANG_WARN_UNREACHABLE_CODE = YES;
				CLANG_WARN__DUPLICATE_METHOD_MATCH = YES;
				COPY_PHASE_STRIP = NO;
				DEBUG_INFORMATION_FORMAT = "dwarf-with-dsym";
				ENABLE_NS_ASSERTIONS = NO;
				ENABLE_STRICT_OBJC_MSGSEND = YES;
				GCC_C_LANGUAGE_STANDARD = gnu11;
				GCC_NO_COMMON_BLOCKS = YES;
				GCC_WARN_64_TO_32_BIT_CONVERSION = YES;
				GCC_WARN_ABOUT_RETURN_TYPE = YES_ERROR;
				GCC_WARN_UNDECLARED_SELECTOR = YES;
				GCC_WARN_UNINITIALIZED_AUTOS = YES_AGGRESSIVE;
				GCC_WARN_UNUSED_FUNCTION = YES;
				GCC_WARN_UNUSED_VARIABLE = YES;
				IPHONEOS_DEPLOYMENT_TARGET = 15.4;
				MTL_ENABLE_DEBUG_INFO = NO;
				MTL_FAST_MATH = YES;
				SDKROOT = iphoneos;
				SWIFT_COMPILATION_MODE = wholemodule;
				SWIFT_OPTIMIZATION_LEVEL = "-O";
				VALIDATE_PRODUCT = YES;
			};
			name = Release;
		};
		019E21402890535E00DC5C75 /* Debug */ = {
			isa = XCBuildConfiguration;
			buildSettings = {
				ASSETCATALOG_COMPILER_APPICON_NAME = AppIcon;
				ASSETCATALOG_COMPILER_GLOBAL_ACCENT_COLOR_NAME = AccentColor;
				CLANG_ENABLE_MODULES = YES;
				CODE_SIGN_STYLE = Automatic;
				CURRENT_PROJECT_VERSION = 1;
				GENERATE_INFOPLIST_FILE = YES;
				INFOPLIST_FILE = AmongProgLang/Info.plist;
				INFOPLIST_KEY_UIApplicationSupportsIndirectInputEvents = YES;
				INFOPLIST_KEY_UILaunchStoryboardName = LaunchScreen;
				INFOPLIST_KEY_UIMainStoryboardFile = Main;
				INFOPLIST_KEY_UISupportedInterfaceOrientations_iPad = "UIInterfaceOrientationPortrait UIInterfaceOrientationPortraitUpsideDown UIInterfaceOrientationLandscapeLeft UIInterfaceOrientationLandscapeRight";
				INFOPLIST_KEY_UISupportedInterfaceOrientations_iPhone = "UIInterfaceOrientationPortrait UIInterfaceOrientationLandscapeLeft UIInterfaceOrientationLandscapeRight";
				LD_RUNPATH_SEARCH_PATHS = (
					"$(inherited)",
					"@executable_path/Frameworks",
				);
				MARKETING_VERSION = 1.0;
				PRODUCT_BUNDLE_IDENTIFIER = com.yilmaz.AmongProgLang;
				PRODUCT_NAME = "$(TARGET_NAME)";
				SWIFT_EMIT_LOC_STRINGS = YES;
				SWIFT_OBJC_BRIDGING_HEADER = "AmongProgLang/ObjCWrappers/AmongProgLang-Bridging-Header.h";
				SWIFT_OPTIMIZATION_LEVEL = "-Onone";
				SWIFT_VERSION = 5.0;
				TARGETED_DEVICE_FAMILY = "1,2";
			};
			name = Debug;
		};
		019E21412890535E00DC5C75 /* Release */ = {
			isa = XCBuildConfiguration;
			buildSettings = {
				ASSETCATALOG_COMPILER_APPICON_NAME = AppIcon;
				ASSETCATALOG_COMPILER_GLOBAL_ACCENT_COLOR_NAME = AccentColor;
				CLANG_ENABLE_MODULES = YES;
				CODE_SIGN_STYLE = Automatic;
				CURRENT_PROJECT_VERSION = 1;
				GENERATE_INFOPLIST_FILE = YES;
				INFOPLIST_FILE = AmongProgLang/Info.plist;
				INFOPLIST_KEY_UIApplicationSupportsIndirectInputEvents = YES;
				INFOPLIST_KEY_UILaunchStoryboardName = LaunchScreen;
				INFOPLIST_KEY_UIMainStoryboardFile = Main;
				INFOPLIST_KEY_UISupportedInterfaceOrientations_iPad = "UIInterfaceOrientationPortrait UIInterfaceOrientationPortraitUpsideDown UIInterfaceOrientationLandscapeLeft UIInterfaceOrientationLandscapeRight";
				INFOPLIST_KEY_UISupportedInterfaceOrientations_iPhone = "UIInterfaceOrientationPortrait UIInterfaceOrientationLandscapeLeft UIInterfaceOrientationLandscapeRight";
				LD_RUNPATH_SEARCH_PATHS = (
					"$(inherited)",
					"@executable_path/Frameworks",
				);
				MARKETING_VERSION = 1.0;
				PRODUCT_BUNDLE_IDENTIFIER = com.yilmaz.AmongProgLang;
				PRODUCT_NAME = "$(TARGET_NAME)";
				SWIFT_EMIT_LOC_STRINGS = YES;
				SWIFT_OBJC_BRIDGING_HEADER = "AmongProgLang/ObjCWrappers/AmongProgLang-Bridging-Header.h";
				SWIFT_VERSION = 5.0;
				TARGETED_DEVICE_FAMILY = "1,2";
			};
			name = Release;
		};
/* End XCBuildConfiguration section */

/* Begin XCConfigurationList section */
		019E21262890535D00DC5C75 /* Build configuration list for PBXProject "AmongProgLang" */ = {
			isa = XCConfigurationList;
			buildConfigurations = (
				019E213D2890535E00DC5C75 /* Debug */,
				019E213E2890535E00DC5C75 /* Release */,
			);
			defaultConfigurationIsVisible = 0;
			defaultConfigurationName = Release;
		};
		019E213F2890535E00DC5C75 /* Build configuration list for PBXNativeTarget "AmongProgLang" */ = {
			isa = XCConfigurationList;
			buildConfigurations = (
				019E21402890535E00DC5C75 /* Debug */,
				019E21412890535E00DC5C75 /* Release */,
			);
			defaultConfigurationIsVisible = 0;
			defaultConfigurationName = Release;
		};
/* End XCConfigurationList section */
	};
	rootObject = 019E21232890535D00DC5C75 /* Project object */;
}
